// !$*UTF8*$!
{
	archiveVersion = 1;
	classes = {
	};
	objectVersion = 56;
	objects = {

/* Begin PBXBuildFile section */
		523DF4682B0160B500F312B8 /* TasksTVC.swift in Sources */ = {isa = PBXBuildFile; fileRef = 523DF4672B0160B500F312B8 /* TasksTVC.swift */; };
		523DF46A2B01627300F312B8 /* User.swift in Sources */ = {isa = PBXBuildFile; fileRef = 523DF4692B01627300F312B8 /* User.swift */; };
		523DF46C2B01628600F312B8 /* Task.swift in Sources */ = {isa = PBXBuildFile; fileRef = 523DF46B2B01628600F312B8 /* Task.swift */; };
		52738B2B2AFC406E00CA2BA2 /* FirebaseAuth in Frameworks */ = {isa = PBXBuildFile; productRef = 52738B2A2AFC406E00CA2BA2 /* FirebaseAuth */; };
		52738B2D2AFC406E00CA2BA2 /* FirebaseAuthCombine-Community in Frameworks */ = {isa = PBXBuildFile; productRef = 52738B2C2AFC406E00CA2BA2 /* FirebaseAuthCombine-Community */; };
		52738B2F2AFC406E00CA2BA2 /* FirebaseCrashlytics in Frameworks */ = {isa = PBXBuildFile; productRef = 52738B2E2AFC406E00CA2BA2 /* FirebaseCrashlytics */; };
		52738B312AFC406E00CA2BA2 /* FirebaseDatabase in Frameworks */ = {isa = PBXBuildFile; productRef = 52738B302AFC406E00CA2BA2 /* FirebaseDatabase */; };
		52738B332AFC406E00CA2BA2 /* FirebaseDatabaseSwift in Frameworks */ = {isa = PBXBuildFile; productRef = 52738B322AFC406E00CA2BA2 /* FirebaseDatabaseSwift */; };
		52738B352AFC406E00CA2BA2 /* FirebaseFirestore in Frameworks */ = {isa = PBXBuildFile; productRef = 52738B342AFC406E00CA2BA2 /* FirebaseFirestore */; };
		52738B372AFC406E00CA2BA2 /* FirebaseFirestoreCombine-Community in Frameworks */ = {isa = PBXBuildFile; productRef = 52738B362AFC406E00CA2BA2 /* FirebaseFirestoreCombine-Community */; };
		52738B392AFC406E00CA2BA2 /* FirebaseFirestoreSwift in Frameworks */ = {isa = PBXBuildFile; productRef = 52738B382AFC406E00CA2BA2 /* FirebaseFirestoreSwift */; };
		52738B3B2AFC406E00CA2BA2 /* FirebaseStorage in Frameworks */ = {isa = PBXBuildFile; productRef = 52738B3A2AFC406E00CA2BA2 /* FirebaseStorage */; };
		52738B3D2AFC406E00CA2BA2 /* FirebaseStorageCombine-Community in Frameworks */ = {isa = PBXBuildFile; productRef = 52738B3C2AFC406E00CA2BA2 /* FirebaseStorageCombine-Community */; };
		52DFD19E2AFC35A60089E8D0 /* AppDelegate.swift in Sources */ = {isa = PBXBuildFile; fileRef = 52DFD19D2AFC35A60089E8D0 /* AppDelegate.swift */; };
		52DFD1A02AFC35A60089E8D0 /* SceneDelegate.swift in Sources */ = {isa = PBXBuildFile; fileRef = 52DFD19F2AFC35A60089E8D0 /* SceneDelegate.swift */; };
		52DFD1A22AFC35A60089E8D0 /* LoginVС.swift in Sources */ = {isa = PBXBuildFile; fileRef = 52DFD1A12AFC35A60089E8D0 /* LoginVС.swift */; };
		52DFD1A52AFC35A60089E8D0 /* Main.storyboard in Resources */ = {isa = PBXBuildFile; fileRef = 52DFD1A32AFC35A60089E8D0 /* Main.storyboard */; };
		52DFD1A82AFC35A60089E8D0 /* FireBaseApp.xcdatamodeld in Sources */ = {isa = PBXBuildFile; fileRef = 52DFD1A62AFC35A60089E8D0 /* FireBaseApp.xcdatamodeld */; };
		52DFD1AA2AFC35A80089E8D0 /* Assets.xcassets in Resources */ = {isa = PBXBuildFile; fileRef = 52DFD1A92AFC35A80089E8D0 /* Assets.xcassets */; };
		52DFD1AD2AFC35A80089E8D0 /* LaunchScreen.storyboard in Resources */ = {isa = PBXBuildFile; fileRef = 52DFD1AB2AFC35A80089E8D0 /* LaunchScreen.storyboard */; };
		52DFD1B52AFC361F0089E8D0 /* GoogleService-Info.plist in Resources */ = {isa = PBXBuildFile; fileRef = 52DFD1B42AFC361F0089E8D0 /* GoogleService-Info.plist */; };
/* End PBXBuildFile section */

/* Begin PBXFileReference section */
		523DF4672B0160B500F312B8 /* TasksTVC.swift */ = {isa = PBXFileReference; lastKnownFileType = sourcecode.swift; path = TasksTVC.swift; sourceTree = "<group>"; };
		523DF4692B01627300F312B8 /* User.swift */ = {isa = PBXFileReference; lastKnownFileType = sourcecode.swift; path = User.swift; sourceTree = "<group>"; };
		523DF46B2B01628600F312B8 /* Task.swift */ = {isa = PBXFileReference; lastKnownFileType = sourcecode.swift; path = Task.swift; sourceTree = "<group>"; };
		52DFD19A2AFC35A60089E8D0 /* FireBaseApp.app */ = {isa = PBXFileReference; explicitFileType = wrapper.application; includeInIndex = 0; path = FireBaseApp.app; sourceTree = BUILT_PRODUCTS_DIR; };
		52DFD19D2AFC35A60089E8D0 /* AppDelegate.swift */ = {isa = PBXFileReference; lastKnownFileType = sourcecode.swift; path = AppDelegate.swift; sourceTree = "<group>"; };
		52DFD19F2AFC35A60089E8D0 /* SceneDelegate.swift */ = {isa = PBXFileReference; lastKnownFileType = sourcecode.swift; path = SceneDelegate.swift; sourceTree = "<group>"; };
		52DFD1A12AFC35A60089E8D0 /* LoginVС.swift */ = {isa = PBXFileReference; lastKnownFileType = sourcecode.swift; path = "LoginVС.swift"; sourceTree = "<group>"; };
		52DFD1A42AFC35A60089E8D0 /* Base */ = {isa = PBXFileReference; lastKnownFileType = file.storyboard; name = Base; path = Base.lproj/Main.storyboard; sourceTree = "<group>"; };
		52DFD1A72AFC35A60089E8D0 /* FireBaseApp.xcdatamodel */ = {isa = PBXFileReference; lastKnownFileType = wrapper.xcdatamodel; path = FireBaseApp.xcdatamodel; sourceTree = "<group>"; };
		52DFD1A92AFC35A80089E8D0 /* Assets.xcassets */ = {isa = PBXFileReference; lastKnownFileType = folder.assetcatalog; path = Assets.xcassets; sourceTree = "<group>"; };
		52DFD1AC2AFC35A80089E8D0 /* Base */ = {isa = PBXFileReference; lastKnownFileType = file.storyboard; name = Base; path = Base.lproj/LaunchScreen.storyboard; sourceTree = "<group>"; };
		52DFD1AE2AFC35A80089E8D0 /* Info.plist */ = {isa = PBXFileReference; lastKnownFileType = text.plist.xml; path = Info.plist; sourceTree = "<group>"; };
		52DFD1B42AFC361F0089E8D0 /* GoogleService-Info.plist */ = {isa = PBXFileReference; fileEncoding = 4; lastKnownFileType = text.plist.xml; path = "GoogleService-Info.plist"; sourceTree = "<group>"; };
/* End PBXFileReference section */

/* Begin PBXFrameworksBuildPhase section */
		52DFD1972AFC35A60089E8D0 /* Frameworks */ = {
			isa = PBXFrameworksBuildPhase;
			buildActionMask = 2147483647;
			files = (
				52738B332AFC406E00CA2BA2 /* FirebaseDatabaseSwift in Frameworks */,
				52738B2F2AFC406E00CA2BA2 /* FirebaseCrashlytics in Frameworks */,
				52738B3D2AFC406E00CA2BA2 /* FirebaseStorageCombine-Community in Frameworks */,
				52738B3B2AFC406E00CA2BA2 /* FirebaseStorage in Frameworks */,
				52738B2B2AFC406E00CA2BA2 /* FirebaseAuth in Frameworks */,
				52738B312AFC406E00CA2BA2 /* FirebaseDatabase in Frameworks */,
				52738B2D2AFC406E00CA2BA2 /* FirebaseAuthCombine-Community in Frameworks */,
				52738B352AFC406E00CA2BA2 /* FirebaseFirestore in Frameworks */,
				52738B372AFC406E00CA2BA2 /* FirebaseFirestoreCombine-Community in Frameworks */,
				52738B392AFC406E00CA2BA2 /* FirebaseFirestoreSwift in Frameworks */,
			);
			runOnlyForDeploymentPostprocessing = 0;
		};
/* End PBXFrameworksBuildPhase section */

/* Begin PBXGroup section */
		523DF46D2B01629A00F312B8 /* Models */ = {
			isa = PBXGroup;
			children = (
				523DF4692B01627300F312B8 /* User.swift */,
				523DF46B2B01628600F312B8 /* Task.swift */,
			);
			path = Models;
			sourceTree = "<group>";
		};
		52738B272AFC3CA000CA2BA2 /* Views */ = {
			isa = PBXGroup;
			children = (
				52DFD1A32AFC35A60089E8D0 /* Main.storyboard */,
				52DFD1AB2AFC35A80089E8D0 /* LaunchScreen.storyboard */,
			);
			path = Views;
			sourceTree = "<group>";
		};
		52738B282AFC3CAE00CA2BA2 /* AppDelegates */ = {
			isa = PBXGroup;
			children = (
				52DFD19D2AFC35A60089E8D0 /* AppDelegate.swift */,
				52DFD19F2AFC35A60089E8D0 /* SceneDelegate.swift */,
			);
			path = AppDelegates;
			sourceTree = "<group>";
		};
		52738B3E2AFC431100CA2BA2 /* Controllers */ = {
			isa = PBXGroup;
			children = (
				52DFD1A12AFC35A60089E8D0 /* LoginVС.swift */,
				523DF4672B0160B500F312B8 /* TasksTVC.swift */,
			);
			path = Controllers;
			sourceTree = "<group>";
		};
		52DFD1912AFC35A60089E8D0 = {
			isa = PBXGroup;
			children = (
				52DFD19C2AFC35A60089E8D0 /* FireBaseApp */,
				52DFD19B2AFC35A60089E8D0 /* Products */,
			);
			sourceTree = "<group>";
		};
		52DFD19B2AFC35A60089E8D0 /* Products */ = {
			isa = PBXGroup;
			children = (
				52DFD19A2AFC35A60089E8D0 /* FireBaseApp.app */,
			);
			name = Products;
			sourceTree = "<group>";
		};
		52DFD19C2AFC35A60089E8D0 /* FireBaseApp */ = {
			isa = PBXGroup;
			children = (
				523DF46D2B01629A00F312B8 /* Models */,
				52738B3E2AFC431100CA2BA2 /* Controllers */,
				52738B272AFC3CA000CA2BA2 /* Views */,
				52738B282AFC3CAE00CA2BA2 /* AppDelegates */,
				52DFD1A92AFC35A80089E8D0 /* Assets.xcassets */,
				52DFD1A62AFC35A60089E8D0 /* FireBaseApp.xcdatamodeld */,
				52DFD1AE2AFC35A80089E8D0 /* Info.plist */,
				52DFD1B42AFC361F0089E8D0 /* GoogleService-Info.plist */,
			);
			path = FireBaseApp;
			sourceTree = "<group>";
		};
/* End PBXGroup section */

/* Begin PBXNativeTarget section */
		52DFD1992AFC35A60089E8D0 /* FireBaseApp */ = {
			isa = PBXNativeTarget;
			buildConfigurationList = 52DFD1B12AFC35A80089E8D0 /* Build configuration list for PBXNativeTarget "FireBaseApp" */;
			buildPhases = (
				52DFD1962AFC35A60089E8D0 /* Sources */,
				52DFD1972AFC35A60089E8D0 /* Frameworks */,
				52DFD1982AFC35A60089E8D0 /* Resources */,
			);
			buildRules = (
			);
			dependencies = (
			);
			name = FireBaseApp;
			packageProductDependencies = (
				52738B2A2AFC406E00CA2BA2 /* FirebaseAuth */,
				52738B2C2AFC406E00CA2BA2 /* FirebaseAuthCombine-Community */,
				52738B2E2AFC406E00CA2BA2 /* FirebaseCrashlytics */,
				52738B302AFC406E00CA2BA2 /* FirebaseDatabase */,
				52738B322AFC406E00CA2BA2 /* FirebaseDatabaseSwift */,
				52738B342AFC406E00CA2BA2 /* FirebaseFirestore */,
				52738B362AFC406E00CA2BA2 /* FirebaseFirestoreCombine-Community */,
				52738B382AFC406E00CA2BA2 /* FirebaseFirestoreSwift */,
				52738B3A2AFC406E00CA2BA2 /* FirebaseStorage */,
				52738B3C2AFC406E00CA2BA2 /* FirebaseStorageCombine-Community */,
			);
			productName = FireBaseApp;
			productReference = 52DFD19A2AFC35A60089E8D0 /* FireBaseApp.app */;
			productType = "com.apple.product-type.application";
		};
/* End PBXNativeTarget section */

/* Begin PBXProject section */
		52DFD1922AFC35A60089E8D0 /* Project object */ = {
			isa = PBXProject;
			attributes = {
				BuildIndependentTargetsInParallel = 1;
				LastSwiftUpdateCheck = 1430;
				LastUpgradeCheck = 1430;
				TargetAttributes = {
					52DFD1992AFC35A60089E8D0 = {
						CreatedOnToolsVersion = 14.3.1;
					};
				};
			};
			buildConfigurationList = 52DFD1952AFC35A60089E8D0 /* Build configuration list for PBXProject "FireBaseApp" */;
			compatibilityVersion = "Xcode 14.0";
			developmentRegion = en;
			hasScannedForEncodings = 0;
			knownRegions = (
				en,
				Base,
			);
			mainGroup = 52DFD1912AFC35A60089E8D0;
			packageReferences = (
				52738B292AFC406E00CA2BA2 /* XCRemoteSwiftPackageReference "firebase-ios-sdk" */,
			);
			productRefGroup = 52DFD19B2AFC35A60089E8D0 /* Products */;
			projectDirPath = "";
			projectRoot = "";
			targets = (
				52DFD1992AFC35A60089E8D0 /* FireBaseApp */,
			);
		};
/* End PBXProject section */

/* Begin PBXResourcesBuildPhase section */
		52DFD1982AFC35A60089E8D0 /* Resources */ = {
			isa = PBXResourcesBuildPhase;
			buildActionMask = 2147483647;
			files = (
				52DFD1AD2AFC35A80089E8D0 /* LaunchScreen.storyboard in Resources */,
				52DFD1B52AFC361F0089E8D0 /* GoogleService-Info.plist in Resources */,
				52DFD1AA2AFC35A80089E8D0 /* Assets.xcassets in Resources */,
				52DFD1A52AFC35A60089E8D0 /* Main.storyboard in Resources */,
			);
			runOnlyForDeploymentPostprocessing = 0;
		};
/* End PBXResourcesBuildPhase section */

/* Begin PBXSourcesBuildPhase section */
		52DFD1962AFC35A60089E8D0 /* Sources */ = {
			isa = PBXSourcesBuildPhase;
			buildActionMask = 2147483647;
			files = (
				52DFD1A22AFC35A60089E8D0 /* LoginVС.swift in Sources */,
				52DFD19E2AFC35A60089E8D0 /* AppDelegate.swift in Sources */,
				523DF46A2B01627300F312B8 /* User.swift in Sources */,
				52DFD1A82AFC35A60089E8D0 /* FireBaseApp.xcdatamodeld in Sources */,
				52DFD1A02AFC35A60089E8D0 /* SceneDelegate.swift in Sources */,
				523DF46C2B01628600F312B8 /* Task.swift in Sources */,
				523DF4682B0160B500F312B8 /* TasksTVC.swift in Sources */,
			);
			runOnlyForDeploymentPostprocessing = 0;
		};
/* End PBXSourcesBuildPhase section */

/* Begin PBXVariantGroup section */
		52DFD1A32AFC35A60089E8D0 /* Main.storyboard */ = {
			isa = PBXVariantGroup;
			children = (
				52DFD1A42AFC35A60089E8D0 /* Base */,
			);
			name = Main.storyboard;
			sourceTree = "<group>";
		};
		52DFD1AB2AFC35A80089E8D0 /* LaunchScreen.storyboard */ = {
			isa = PBXVariantGroup;
			children = (
				52DFD1AC2AFC35A80089E8D0 /* Base */,
			);
			name = LaunchScreen.storyboard;
			sourceTree = "<group>";
		};
/* End PBXVariantGroup section */

/* Begin XCBuildConfiguration section */
		52DFD1AF2AFC35A80089E8D0 /* Debug */ = {
			isa = XCBuildConfiguration;
			buildSettings = {
				ALWAYS_SEARCH_USER_PATHS = NO;
				CLANG_ANALYZER_NONNULL = YES;
				CLANG_ANALYZER_NUMBER_OBJECT_CONVERSION = YES_AGGRESSIVE;
				CLANG_CXX_LANGUAGE_STANDARD = "gnu++20";
				CLANG_ENABLE_MODULES = YES;
				CLANG_ENABLE_OBJC_ARC = YES;
				CLANG_ENABLE_OBJC_WEAK = YES;
				CLANG_WARN_BLOCK_CAPTURE_AUTORELEASING = YES;
				CLANG_WARN_BOOL_CONVERSION = YES;
				CLANG_WARN_COMMA = YES;
				CLANG_WARN_CONSTANT_CONVERSION = YES;
				CLANG_WARN_DEPRECATED_OBJC_IMPLEMENTATIONS = YES;
				CLANG_WARN_DIRECT_OBJC_ISA_USAGE = YES_ERROR;
				CLANG_WARN_DOCUMENTATION_COMMENTS = YES;
				CLANG_WARN_EMPTY_BODY = YES;
				CLANG_WARN_ENUM_CONVERSION = YES;
				CLANG_WARN_INFINITE_RECURSION = YES;
				CLANG_WARN_INT_CONVERSION = YES;
				CLANG_WARN_NON_LITERAL_NULL_CONVERSION = YES;
				CLANG_WARN_OBJC_IMPLICIT_RETAIN_SELF = YES;
				CLANG_WARN_OBJC_LITERAL_CONVERSION = YES;
				CLANG_WARN_OBJC_ROOT_CLASS = YES_ERROR;
				CLANG_WARN_QUOTED_INCLUDE_IN_FRAMEWORK_HEADER = YES;
				CLANG_WARN_RANGE_LOOP_ANALYSIS = YES;
				CLANG_WARN_STRICT_PROTOTYPES = YES;
				CLANG_WARN_SUSPICIOUS_MOVE = YES;
				CLANG_WARN_UNGUARDED_AVAILABILITY = YES_AGGRESSIVE;
				CLANG_WARN_UNREACHABLE_CODE = YES;
				CLANG_WARN__DUPLICATE_METHOD_MATCH = YES;
				COPY_PHASE_STRIP = NO;
				DEBUG_INFORMATION_FORMAT = dwarf;
				ENABLE_STRICT_OBJC_MSGSEND = YES;
				ENABLE_TESTABILITY = YES;
				GCC_C_LANGUAGE_STANDARD = gnu11;
				GCC_DYNAMIC_NO_PIC = NO;
				GCC_NO_COMMON_BLOCKS = YES;
				GCC_OPTIMIZATION_LEVEL = 0;
				GCC_PREPROCESSOR_DEFINITIONS = (
					"DEBUG=1",
					"$(inherited)",
				);
				GCC_WARN_64_TO_32_BIT_CONVERSION = YES;
				GCC_WARN_ABOUT_RETURN_TYPE = YES_ERROR;
				GCC_WARN_UNDECLARED_SELECTOR = YES;
				GCC_WARN_UNINITIALIZED_AUTOS = YES_AGGRESSIVE;
				GCC_WARN_UNUSED_FUNCTION = YES;
				GCC_WARN_UNUSED_VARIABLE = YES;
				IPHONEOS_DEPLOYMENT_TARGET = 16.4;
				MTL_ENABLE_DEBUG_INFO = INCLUDE_SOURCE;
				MTL_FAST_MATH = YES;
				ONLY_ACTIVE_ARCH = YES;
				SDKROOT = iphoneos;
				SWIFT_ACTIVE_COMPILATION_CONDITIONS = DEBUG;
				SWIFT_OPTIMIZATION_LEVEL = "-Onone";
			};
			name = Debug;
		};
		52DFD1B02AFC35A80089E8D0 /* Release */ = {
			isa = XCBuildConfiguration;
			buildSettings = {
				ALWAYS_SEARCH_USER_PATHS = NO;
				CLANG_ANALYZER_NONNULL = YES;
				CLANG_ANALYZER_NUMBER_OBJECT_CONVERSION = YES_AGGRESSIVE;
				CLANG_CXX_LANGUAGE_STANDARD = "gnu++20";
				CLANG_ENABLE_MODULES = YES;
				CLANG_ENABLE_OBJC_ARC = YES;
				CLANG_ENABLE_OBJC_WEAK = YES;
				CLANG_WARN_BLOCK_CAPTURE_AUTORELEASING = YES;
				CLANG_WARN_BOOL_CONVERSION = YES;
				CLANG_WARN_COMMA = YES;
				CLANG_WARN_CONSTANT_CONVERSION = YES;
				CLANG_WARN_DEPRECATED_OBJC_IMPLEMENTATIONS = YES;
				CLANG_WARN_DIRECT_OBJC_ISA_USAGE = YES_ERROR;
				CLANG_WARN_DOCUMENTATION_COMMENTS = YES;
				CLANG_WARN_EMPTY_BODY = YES;
				CLANG_WARN_ENUM_CONVERSION = YES;
				CLANG_WARN_INFINITE_RECURSION = YES;
				CLANG_WARN_INT_CONVERSION = YES;
				CLANG_WARN_NON_LITERAL_NULL_CONVERSION = YES;
				CLANG_WARN_OBJC_IMPLICIT_RETAIN_SELF = YES;
				CLANG_WARN_OBJC_LITERAL_CONVERSION = YES;
				CLANG_WARN_OBJC_ROOT_CLASS = YES_ERROR;
				CLANG_WARN_QUOTED_INCLUDE_IN_FRAMEWORK_HEADER = YES;
				CLANG_WARN_RANGE_LOOP_ANALYSIS = YES;
				CLANG_WARN_STRICT_PROTOTYPES = YES;
				CLANG_WARN_SUSPICIOUS_MOVE = YES;
				CLANG_WARN_UNGUARDED_AVAILABILITY = YES_AGGRESSIVE;
				CLANG_WARN_UNREACHABLE_CODE = YES;
				CLANG_WARN__DUPLICATE_METHOD_MATCH = YES;
				COPY_PHASE_STRIP = NO;
				DEBUG_INFORMATION_FORMAT = "dwarf-with-dsym";
				ENABLE_NS_ASSERTIONS = NO;
				ENABLE_STRICT_OBJC_MSGSEND = YES;
				GCC_C_LANGUAGE_STANDARD = gnu11;
				GCC_NO_COMMON_BLOCKS = YES;
				GCC_WARN_64_TO_32_BIT_CONVERSION = YES;
				GCC_WARN_ABOUT_RETURN_TYPE = YES_ERROR;
				GCC_WARN_UNDECLARED_SELECTOR = YES;
				GCC_WARN_UNINITIALIZED_AUTOS = YES_AGGRESSIVE;
				GCC_WARN_UNUSED_FUNCTION = YES;
				GCC_WARN_UNUSED_VARIABLE = YES;
				IPHONEOS_DEPLOYMENT_TARGET = 16.4;
				MTL_ENABLE_DEBUG_INFO = NO;
				MTL_FAST_MATH = YES;
				SDKROOT = iphoneos;
				SWIFT_COMPILATION_MODE = wholemodule;
				SWIFT_OPTIMIZATION_LEVEL = "-O";
				VALIDATE_PRODUCT = YES;
			};
			name = Release;
		};
		52DFD1B22AFC35A80089E8D0 /* Debug */ = {
			isa = XCBuildConfiguration;
			buildSettings = {
				ASSETCATALOG_COMPILER_APPICON_NAME = AppIcon;
				ASSETCATALOG_COMPILER_GLOBAL_ACCENT_COLOR_NAME = AccentColor;
				CODE_SIGN_STYLE = Automatic;
				CURRENT_PROJECT_VERSION = 1;
				DEVELOPMENT_TEAM = RK692GK2JP;
				GENERATE_INFOPLIST_FILE = YES;
				INFOPLIST_FILE = FireBaseApp/Info.plist;
				INFOPLIST_KEY_UIApplicationSupportsIndirectInputEvents = YES;
				INFOPLIST_KEY_UILaunchStoryboardName = LaunchScreen;
				INFOPLIST_KEY_UIMainStoryboardFile = Main;
				INFOPLIST_KEY_UISupportedInterfaceOrientations_iPad = "UIInterfaceOrientationPortrait UIInterfaceOrientationPortraitUpsideDown UIInterfaceOrientationLandscapeLeft UIInterfaceOrientationLandscapeRight";
				INFOPLIST_KEY_UISupportedInterfaceOrientations_iPhone = "UIInterfaceOrientationPortrait UIInterfaceOrientationLandscapeLeft UIInterfaceOrientationLandscapeRight";
				LD_RUNPATH_SEARCH_PATHS = (
					"$(inherited)",
					"@executable_path/Frameworks",
				);
				MARKETING_VERSION = 1.0;
				PRODUCT_BUNDLE_IDENTIFIER = com.company.FireBaseApp;
				PRODUCT_NAME = "$(TARGET_NAME)";
				SWIFT_EMIT_LOC_STRINGS = YES;
				SWIFT_VERSION = 5.0;
				TARGETED_DEVICE_FAMILY = "1,2";
			};
			name = Debug;
		};
		52DFD1B32AFC35A80089E8D0 /* Release */ = {
			isa = XCBuildConfiguration;
			buildSettings = {
				ASSETCATALOG_COMPILER_APPICON_NAME = AppIcon;
				ASSETCATALOG_COMPILER_GLOBAL_ACCENT_COLOR_NAME = AccentColor;
				CODE_SIGN_STYLE = Automatic;
				CURRENT_PROJECT_VERSION = 1;
				DEVELOPMENT_TEAM = RK692GK2JP;
				GENERATE_INFOPLIST_FILE = YES;
				INFOPLIST_FILE = FireBaseApp/Info.plist;
				INFOPLIST_KEY_UIApplicationSupportsIndirectInputEvents = YES;
				INFOPLIST_KEY_UILaunchStoryboardName = LaunchScreen;
				INFOPLIST_KEY_UIMainStoryboardFile = Main;
				INFOPLIST_KEY_UISupportedInterfaceOrientations_iPad = "UIInterfaceOrientationPortrait UIInterfaceOrientationPortraitUpsideDown UIInterfaceOrientationLandscapeLeft UIInterfaceOrientationLandscapeRight";
				INFOPLIST_KEY_UISupportedInterfaceOrientations_iPhone = "UIInterfaceOrientationPortrait UIInterfaceOrientationLandscapeLeft UIInterfaceOrientationLandscapeRight";
				LD_RUNPATH_SEARCH_PATHS = (
					"$(inherited)",
					"@executable_path/Frameworks",
				);
				MARKETING_VERSION = 1.0;
				PRODUCT_BUNDLE_IDENTIFIER = com.company.FireBaseApp;
				PRODUCT_NAME = "$(TARGET_NAME)";
				SWIFT_EMIT_LOC_STRINGS = YES;
				SWIFT_VERSION = 5.0;
				TARGETED_DEVICE_FAMILY = "1,2";
			};
			name = Release;
		};
/* End XCBuildConfiguration section */

/* Begin XCConfigurationList section */
		52DFD1952AFC35A60089E8D0 /* Build configuration list for PBXProject "FireBaseApp" */ = {
			isa = XCConfigurationList;
			buildConfigurations = (
				52DFD1AF2AFC35A80089E8D0 /* Debug */,
				52DFD1B02AFC35A80089E8D0 /* Release */,
			);
			defaultConfigurationIsVisible = 0;
			defaultConfigurationName = Release;
		};
		52DFD1B12AFC35A80089E8D0 /* Build configuration list for PBXNativeTarget "FireBaseApp" */ = {
			isa = XCConfigurationList;
			buildConfigurations = (
				52DFD1B22AFC35A80089E8D0 /* Debug */,
				52DFD1B32AFC35A80089E8D0 /* Release */,
			);
			defaultConfigurationIsVisible = 0;
			defaultConfigurationName = Release;
		};
/* End XCConfigurationList section */

/* Begin XCRemoteSwiftPackageReference section */
		52738B292AFC406E00CA2BA2 /* XCRemoteSwiftPackageReference "firebase-ios-sdk" */ = {
			isa = XCRemoteSwiftPackageReference;
			repositoryURL = "https://github.com/firebase/firebase-ios-sdk";
			requirement = {
				kind = upToNextMajorVersion;
				minimumVersion = 10.0.0;
			};
		};
/* End XCRemoteSwiftPackageReference section */

/* Begin XCSwiftPackageProductDependency section */
		52738B2A2AFC406E00CA2BA2 /* FirebaseAuth */ = {
			isa = XCSwiftPackageProductDependency;
			package = 52738B292AFC406E00CA2BA2 /* XCRemoteSwiftPackageReference "firebase-ios-sdk" */;
			productName = FirebaseAuth;
		};
		52738B2C2AFC406E00CA2BA2 /* FirebaseAuthCombine-Community */ = {
			isa = XCSwiftPackageProductDependency;
			package = 52738B292AFC406E00CA2BA2 /* XCRemoteSwiftPackageReference "firebase-ios-sdk" */;
			productName = "FirebaseAuthCombine-Community";
		};
		52738B2E2AFC406E00CA2BA2 /* FirebaseCrashlytics */ = {
			isa = XCSwiftPackageProductDependency;
			package = 52738B292AFC406E00CA2BA2 /* XCRemoteSwiftPackageReference "firebase-ios-sdk" */;
			productName = FirebaseCrashlytics;
		};
		52738B302AFC406E00CA2BA2 /* FirebaseDatabase */ = {
			isa = XCSwiftPackageProductDependency;
			package = 52738B292AFC406E00CA2BA2 /* XCRemoteSwiftPackageReference "firebase-ios-sdk" */;
			productName = FirebaseDatabase;
		};
		52738B322AFC406E00CA2BA2 /* FirebaseDatabaseSwift */ = {
			isa = XCSwiftPackageProductDependency;
			package = 52738B292AFC406E00CA2BA2 /* XCRemoteSwiftPackageReference "firebase-ios-sdk" */;
			productName = FirebaseDatabaseSwift;
		};
		52738B342AFC406E00CA2BA2 /* FirebaseFirestore */ = {
			isa = XCSwiftPackageProductDependency;
			package = 52738B292AFC406E00CA2BA2 /* XCRemoteSwiftPackageReference "firebase-ios-sdk" */;
			productName = FirebaseFirestore;
		};
		52738B362AFC406E00CA2BA2 /* FirebaseFirestoreCombine-Community */ = {
			isa = XCSwiftPackageProductDependency;
			package = 52738B292AFC406E00CA2BA2 /* XCRemoteSwiftPackageReference "firebase-ios-sdk" */;
			productName = "FirebaseFirestoreCombine-Community";
		};
		52738B382AFC406E00CA2BA2 /* FirebaseFirestoreSwift */ = {
			isa = XCSwiftPackageProductDependency;
			package = 52738B292AFC406E00CA2BA2 /* XCRemoteSwiftPackageReference "firebase-ios-sdk" */;
			productName = FirebaseFirestoreSwift;
		};
		52738B3A2AFC406E00CA2BA2 /* FirebaseStorage */ = {
			isa = XCSwiftPackageProductDependency;
			package = 52738B292AFC406E00CA2BA2 /* XCRemoteSwiftPackageReference "firebase-ios-sdk" */;
			productName = FirebaseStorage;
		};
		52738B3C2AFC406E00CA2BA2 /* FirebaseStorageCombine-Community */ = {
			isa = XCSwiftPackageProductDependency;
			package = 52738B292AFC406E00CA2BA2 /* XCRemoteSwiftPackageReference "firebase-ios-sdk" */;
			productName = "FirebaseStorageCombine-Community";
		};
/* End XCSwiftPackageProductDependency section */

/* Begin XCVersionGroup section */
		52DFD1A62AFC35A60089E8D0 /* FireBaseApp.xcdatamodeld */ = {
			isa = XCVersionGroup;
			children = (
				52DFD1A72AFC35A60089E8D0 /* FireBaseApp.xcdatamodel */,
			);
			currentVersion = 52DFD1A72AFC35A60089E8D0 /* FireBaseApp.xcdatamodel */;
			path = FireBaseApp.xcdatamodeld;
			sourceTree = "<group>";
			versionGroupType = wrapper.xcdatamodel;
		};
/* End XCVersionGroup section */
	};
	rootObject = 52DFD1922AFC35A60089E8D0 /* Project object */;
}
